// !$*UTF8*$!
{
	archiveVersion = 1;
	classes = {
	};
	objectVersion = 46;
	objects = {

/* Begin PBXBuildFile section */
		736BD16518DD153F0094D510 /* Foundation.framework in Frameworks */ = {isa = PBXBuildFile; fileRef = 736BD16418DD153F0094D510 /* Foundation.framework */; };
		736BD16718DD153F0094D510 /* CoreGraphics.framework in Frameworks */ = {isa = PBXBuildFile; fileRef = 736BD16618DD153F0094D510 /* CoreGraphics.framework */; };
		736BD16918DD153F0094D510 /* UIKit.framework in Frameworks */ = {isa = PBXBuildFile; fileRef = 736BD16818DD153F0094D510 /* UIKit.framework */; };
		736BD16F18DD153F0094D510 /* InfoPlist.strings in Resources */ = {isa = PBXBuildFile; fileRef = 736BD16D18DD153F0094D510 /* InfoPlist.strings */; };
		736BD17118DD153F0094D510 /* main.m in Sources */ = {isa = PBXBuildFile; fileRef = 736BD17018DD153F0094D510 /* main.m */; };
		736BD17518DD153F0094D510 /* FCAppDelegate.m in Sources */ = {isa = PBXBuildFile; fileRef = 736BD17418DD153F0094D510 /* FCAppDelegate.m */; };
		736BD17718DD153F0094D510 /* Images.xcassets in Resources */ = {isa = PBXBuildFile; fileRef = 736BD17618DD153F0094D510 /* Images.xcassets */; };
		736BD17E18DD153F0094D510 /* XCTest.framework in Frameworks */ = {isa = PBXBuildFile; fileRef = 736BD17D18DD153F0094D510 /* XCTest.framework */; };
		736BD17F18DD153F0094D510 /* Foundation.framework in Frameworks */ = {isa = PBXBuildFile; fileRef = 736BD16418DD153F0094D510 /* Foundation.framework */; };
		736BD18018DD153F0094D510 /* UIKit.framework in Frameworks */ = {isa = PBXBuildFile; fileRef = 736BD16818DD153F0094D510 /* UIKit.framework */; };
		736BD18818DD153F0094D510 /* InfoPlist.strings in Resources */ = {isa = PBXBuildFile; fileRef = 736BD18618DD153F0094D510 /* InfoPlist.strings */; };
		736BD18A18DD153F0094D510 /* FindCarTests.m in Sources */ = {isa = PBXBuildFile; fileRef = 736BD18918DD153F0094D510 /* FindCarTests.m */; };
		73BCA7E918DD16FD00E74143 /* Storyboard.storyboard in Resources */ = {isa = PBXBuildFile; fileRef = 73BCA7E818DD16FD00E74143 /* Storyboard.storyboard */; };
		73BCA7EA18DD16FD00E74143 /* Storyboard.storyboard in Resources */ = {isa = PBXBuildFile; fileRef = 73BCA7E818DD16FD00E74143 /* Storyboard.storyboard */; };
/* End PBXBuildFile section */

/* Begin PBXContainerItemProxy section */
		736BD18118DD153F0094D510 /* PBXContainerItemProxy */ = {
			isa = PBXContainerItemProxy;
			containerPortal = 736BD15918DD153F0094D510 /* Project object */;
			proxyType = 1;
			remoteGlobalIDString = 736BD16018DD153F0094D510;
			remoteInfo = FindCar;
		};
/* End PBXContainerItemProxy section */

/* Begin PBXFileReference section */
		736BD16118DD153F0094D510 /* FindCar.app */ = {isa = PBXFileReference; explicitFileType = wrapper.application; includeInIndex = 0; path = FindCar.app; sourceTree = BUILT_PRODUCTS_DIR; };
		736BD16418DD153F0094D510 /* Foundation.framework */ = {isa = PBXFileReference; lastKnownFileType = wrapper.framework; name = Foundation.framework; path = System/Library/Frameworks/Foundation.framework; sourceTree = SDKROOT; };
		736BD16618DD153F0094D510 /* CoreGraphics.framework */ = {isa = PBXFileReference; lastKnownFileType = wrapper.framework; name = CoreGraphics.framework; path = System/Library/Frameworks/CoreGraphics.framework; sourceTree = SDKROOT; };
		736BD16818DD153F0094D510 /* UIKit.framework */ = {isa = PBXFileReference; lastKnownFileType = wrapper.framework; name = UIKit.framework; path = System/Library/Frameworks/UIKit.framework; sourceTree = SDKROOT; };
		736BD16C18DD153F0094D510 /* FindCar-Info.plist */ = {isa = PBXFileReference; lastKnownFileType = text.plist.xml; path = "FindCar-Info.plist"; sourceTree = "<group>"; };
		736BD16E18DD153F0094D510 /* en */ = {isa = PBXFileReference; lastKnownFileType = text.plist.strings; name = en; path = en.lproj/InfoPlist.strings; sourceTree = "<group>"; };
		736BD17018DD153F0094D510 /* main.m */ = {isa = PBXFileReference; lastKnownFileType = sourcecode.c.objc; path = main.m; sourceTree = "<group>"; };
		736BD17218DD153F0094D510 /* FindCar-Prefix.pch */ = {isa = PBXFileReference; lastKnownFileType = sourcecode.c.h; path = "FindCar-Prefix.pch"; sourceTree = "<group>"; };
		736BD17318DD153F0094D510 /* FCAppDelegate.h */ = {isa = PBXFileReference; lastKnownFileType = sourcecode.c.h; path = FCAppDelegate.h; sourceTree = "<group>"; };
		736BD17418DD153F0094D510 /* FCAppDelegate.m */ = {isa = PBXFileReference; lastKnownFileType = sourcecode.c.objc; path = FCAppDelegate.m; sourceTree = "<group>"; };
		736BD17618DD153F0094D510 /* Images.xcassets */ = {isa = PBXFileReference; lastKnownFileType = folder.assetcatalog; path = Images.xcassets; sourceTree = "<group>"; };
		736BD17C18DD153F0094D510 /* FindCarTests.xctest */ = {isa = PBXFileReference; explicitFileType = wrapper.cfbundle; includeInIndex = 0; path = FindCarTests.xctest; sourceTree = BUILT_PRODUCTS_DIR; };
		736BD17D18DD153F0094D510 /* XCTest.framework */ = {isa = PBXFileReference; lastKnownFileType = wrapper.framework; name = XCTest.framework; path = Library/Frameworks/XCTest.framework; sourceTree = DEVELOPER_DIR; };
		736BD18518DD153F0094D510 /* FindCarTests-Info.plist */ = {isa = PBXFileReference; lastKnownFileType = text.plist.xml; path = "FindCarTests-Info.plist"; sourceTree = "<group>"; };
		736BD18718DD153F0094D510 /* en */ = {isa = PBXFileReference; lastKnownFileType = text.plist.strings; name = en; path = en.lproj/InfoPlist.strings; sourceTree = "<group>"; };
		736BD18918DD153F0094D510 /* FindCarTests.m */ = {isa = PBXFileReference; lastKnownFileType = sourcecode.c.objc; path = FindCarTests.m; sourceTree = "<group>"; };
		73BCA7E818DD16FD00E74143 /* Storyboard.storyboard */ = {isa = PBXFileReference; fileEncoding = 4; lastKnownFileType = file.storyboard; path = Storyboard.storyboard; sourceTree = "<group>"; };
/* End PBXFileReference section */

/* Begin PBXFrameworksBuildPhase section */
		736BD15E18DD153F0094D510 /* Frameworks */ = {
			isa = PBXFrameworksBuildPhase;
			buildActionMask = 2147483647;
			files = (
				736BD16718DD153F0094D510 /* CoreGraphics.framework in Frameworks */,
				736BD16918DD153F0094D510 /* UIKit.framework in Frameworks */,
				736BD16518DD153F0094D510 /* Foundation.framework in Frameworks */,
			);
			runOnlyForDeploymentPostprocessing = 0;
		};
		736BD17918DD153F0094D510 /* Frameworks */ = {
			isa = PBXFrameworksBuildPhase;
			buildActionMask = 2147483647;
			files = (
				736BD17E18DD153F0094D510 /* XCTest.framework in Frameworks */,
				736BD18018DD153F0094D510 /* UIKit.framework in Frameworks */,
				736BD17F18DD153F0094D510 /* Foundation.framework in Frameworks */,
			);
			runOnlyForDeploymentPostprocessing = 0;
		};
/* End PBXFrameworksBuildPhase section */

/* Begin PBXGroup section */
		736BD15818DD153F0094D510 = {
			isa = PBXGroup;
			children = (
				736BD16A18DD153F0094D510 /* FindCar */,
				736BD18318DD153F0094D510 /* FindCarTests */,
				736BD16318DD153F0094D510 /* Frameworks */,
				736BD16218DD153F0094D510 /* Products */,
			);
			sourceTree = "<group>";
		};
		736BD16218DD153F0094D510 /* Products */ = {
			isa = PBXGroup;
			children = (
				736BD16118DD153F0094D510 /* FindCar.app */,
				736BD17C18DD153F0094D510 /* FindCarTests.xctest */,
			);
			name = Products;
			sourceTree = "<group>";
		};
		736BD16318DD153F0094D510 /* Frameworks */ = {
			isa = PBXGroup;
			children = (
				736BD16418DD153F0094D510 /* Foundation.framework */,
				736BD16618DD153F0094D510 /* CoreGraphics.framework */,
				736BD16818DD153F0094D510 /* UIKit.framework */,
				736BD17D18DD153F0094D510 /* XCTest.framework */,
			);
			name = Frameworks;
			sourceTree = "<group>";
		};
		736BD16A18DD153F0094D510 /* FindCar */ = {
			isa = PBXGroup;
			children = (
				736BD17318DD153F0094D510 /* FCAppDelegate.h */,
				736BD17418DD153F0094D510 /* FCAppDelegate.m */,
				73BCA7E818DD16FD00E74143 /* Storyboard.storyboard */,
				736BD17618DD153F0094D510 /* Images.xcassets */,
				736BD16B18DD153F0094D510 /* Supporting Files */,
			);
			path = FindCar;
			sourceTree = "<group>";
		};
		736BD16B18DD153F0094D510 /* Supporting Files */ = {
			isa = PBXGroup;
			children = (
				736BD16C18DD153F0094D510 /* FindCar-Info.plist */,
				736BD16D18DD153F0094D510 /* InfoPlist.strings */,
				736BD17018DD153F0094D510 /* main.m */,
				736BD17218DD153F0094D510 /* FindCar-Prefix.pch */,
			);
			name = "Supporting Files";
			sourceTree = "<group>";
		};
		736BD18318DD153F0094D510 /* FindCarTests */ = {
			isa = PBXGroup;
			children = (
				736BD18918DD153F0094D510 /* FindCarTests.m */,
				736BD18418DD153F0094D510 /* Supporting Files */,
			);
			path = FindCarTests;
			sourceTree = "<group>";
		};
		736BD18418DD153F0094D510 /* Supporting Files */ = {
			isa = PBXGroup;
			children = (
				736BD18518DD153F0094D510 /* FindCarTests-Info.plist */,
				736BD18618DD153F0094D510 /* InfoPlist.strings */,
			);
			name = "Supporting Files";
			sourceTree = "<group>";
		};
/* End PBXGroup section */

/* Begin PBXNativeTarget section */
		736BD16018DD153F0094D510 /* FindCar */ = {
			isa = PBXNativeTarget;
			buildConfigurationList = 736BD18D18DD153F0094D510 /* Build configuration list for PBXNativeTarget "FindCar" */;
			buildPhases = (
				736BD15D18DD153F0094D510 /* Sources */,
				736BD15E18DD153F0094D510 /* Frameworks */,
				736BD15F18DD153F0094D510 /* Resources */,
			);
			buildRules = (
			);
			dependencies = (
			);
			name = FindCar;
			productName = FindCar;
			productReference = 736BD16118DD153F0094D510 /* FindCar.app */;
			productType = "com.apple.product-type.application";
		};
		736BD17B18DD153F0094D510 /* FindCarTests */ = {
			isa = PBXNativeTarget;
			buildConfigurationList = 736BD19018DD153F0094D510 /* Build configuration list for PBXNativeTarget "FindCarTests" */;
			buildPhases = (
				736BD17818DD153F0094D510 /* Sources */,
				736BD17918DD153F0094D510 /* Frameworks */,
				736BD17A18DD153F0094D510 /* Resources */,
			);
			buildRules = (
			);
			dependencies = (
				736BD18218DD153F0094D510 /* PBXTargetDependency */,
			);
			name = FindCarTests;
			productName = FindCarTests;
			productReference = 736BD17C18DD153F0094D510 /* FindCarTests.xctest */;
			productType = "com.apple.product-type.bundle.unit-test";
		};
/* End PBXNativeTarget section */

/* Begin PBXProject section */
		736BD15918DD153F0094D510 /* Project object */ = {
			isa = PBXProject;
			attributes = {
				CLASSPREFIX = FC;
				LastUpgradeCheck = 0510;
				ORGANIZATIONNAME = OwenAlex;
				TargetAttributes = {
					736BD17B18DD153F0094D510 = {
						TestTargetID = 736BD16018DD153F0094D510;
					};
				};
			};
			buildConfigurationList = 736BD15C18DD153F0094D510 /* Build configuration list for PBXProject "FindCar" */;
			compatibilityVersion = "Xcode 3.2";
			developmentRegion = English;
			hasScannedForEncodings = 0;
			knownRegions = (
				en,
			);
			mainGroup = 736BD15818DD153F0094D510;
			productRefGroup = 736BD16218DD153F0094D510 /* Products */;
			projectDirPath = "";
			projectRoot = "";
			targets = (
				736BD16018DD153F0094D510 /* FindCar */,
				736BD17B18DD153F0094D510 /* FindCarTests */,
			);
		};
/* End PBXProject section */

/* Begin PBXResourcesBuildPhase section */
		736BD15F18DD153F0094D510 /* Resources */ = {
			isa = PBXResourcesBuildPhase;
			buildActionMask = 2147483647;
			files = (
				736BD16F18DD153F0094D510 /* InfoPlist.strings in Resources */,
				736BD17718DD153F0094D510 /* Images.xcassets in Resources */,
				73BCA7E918DD16FD00E74143 /* Storyboard.storyboard in Resources */,
			);
			runOnlyForDeploymentPostprocessing = 0;
		};
		736BD17A18DD153F0094D510 /* Resources */ = {
			isa = PBXResourcesBuildPhase;
			buildActionMask = 2147483647;
			files = (
				736BD18818DD153F0094D510 /* InfoPlist.strings in Resources */,
				73BCA7EA18DD16FD00E74143 /* Storyboard.storyboard in Resources */,
			);
			runOnlyForDeploymentPostprocessing = 0;
		};
/* End PBXResourcesBuildPhase section */

/* Begin PBXSourcesBuildPhase section */
		736BD15D18DD153F0094D510 /* Sources */ = {
			isa = PBXSourcesBuildPhase;
			buildActionMask = 2147483647;
			files = (
				736BD17118DD153F0094D510 /* main.m in Sources */,
				736BD17518DD153F0094D510 /* FCAppDelegate.m in Sources */,
			);
			runOnlyForDeploymentPostprocessing = 0;
		};
		736BD17818DD153F0094D510 /* Sources */ = {
			isa = PBXSourcesBuildPhase;
			buildActionMask = 2147483647;
			files = (
				736BD18A18DD153F0094D510 /* FindCarTests.m in Sources */,
			);
			runOnlyForDeploymentPostprocessing = 0;
		};
/* End PBXSourcesBuildPhase section */

/* Begin PBXTargetDependency section */
		736BD18218DD153F0094D510 /* PBXTargetDependency */ = {
			isa = PBXTargetDependency;
			target = 736BD16018DD153F0094D510 /* FindCar */;
			targetProxy = 736BD18118DD153F0094D510 /* PBXContainerItemProxy */;
		};
/* End PBXTargetDependency section */

/* Begin PBXVariantGroup section */
		736BD16D18DD153F0094D510 /* InfoPlist.strings */ = {
			isa = PBXVariantGroup;
			children = (
				736BD16E18DD153F0094D510 /* en */,
			);
			name = InfoPlist.strings;
			sourceTree = "<group>";
		};
		736BD18618DD153F0094D510 /* InfoPlist.strings */ = {
			isa = PBXVariantGroup;
			children = (
				736BD18718DD153F0094D510 /* en */,
			);
			name = InfoPlist.strings;
			sourceTree = "<group>";
		};
/* End PBXVariantGroup section */

/* Begin XCBuildConfiguration section */
		736BD18B18DD153F0094D510 /* Debug */ = {
			isa = XCBuildConfiguration;
			buildSettings = {
				ALWAYS_SEARCH_USER_PATHS = NO;
				CLANG_CXX_LANGUAGE_STANDARD = "gnu++0x";
				CLANG_CXX_LIBRARY = "libc++";
				CLANG_ENABLE_MODULES = YES;
				CLANG_ENABLE_OBJC_ARC = YES;
				CLANG_WARN_BOOL_CONVERSION = YES;
				CLANG_WARN_CONSTANT_CONVERSION = YES;
				CLANG_WARN_DIRECT_OBJC_ISA_USAGE = YES_ERROR;
				CLANG_WARN_EMPTY_BODY = YES;
				CLANG_WARN_ENUM_CONVERSION = YES;
				CLANG_WARN_INT_CONVERSION = YES;
				CLANG_WARN_OBJC_ROOT_CLASS = YES_ERROR;
				CLANG_WARN__DUPLICATE_METHOD_MATCH = YES;
				"CODE_SIGN_IDENTITY[sdk=iphoneos*]" = "iPhone Developer";
				COPY_PHASE_STRIP = NO;
				GCC_C_LANGUAGE_STANDARD = gnu99;
				GCC_DYNAMIC_NO_PIC = NO;
				GCC_OPTIMIZATION_LEVEL = 0;
				GCC_PREPROCESSOR_DEFINITIONS = (
					"DEBUG=1",
					"$(inherited)",
				);
				GCC_SYMBOLS_PRIVATE_EXTERN = NO;
				GCC_WARN_64_TO_32_BIT_CONVERSION = YES;
				GCC_WARN_ABOUT_RETURN_TYPE = YES_ERROR;
				GCC_WARN_UNDECLARED_SELECTOR = YES;
				GCC_WARN_UNINITIALIZED_AUTOS = YES_AGGRESSIVE;
				GCC_WARN_UNUSED_FUNCTION = YES;
				GCC_WARN_UNUSED_VARIABLE = YES;
				IPHONEOS_DEPLOYMENT_TARGET = 7.1;
				ONLY_ACTIVE_ARCH = YES;
				SDKROOT = iphoneos;
			};
			name = Debug;
		};
		736BD18C18DD153F0094D510 /* Release */ = {
			isa = XCBuildConfiguration;
			buildSettings = {
				ALWAYS_SEARCH_USER_PATHS = NO;
				CLANG_CXX_LANGUAGE_STANDARD = "gnu++0x";
				CLANG_CXX_LIBRARY = "libc++";
				CLANG_ENABLE_MODULES = YES;
				CLANG_ENABLE_OBJC_ARC = YES;
				CLANG_WARN_BOOL_CONVERSION = YES;
				CLANG_WARN_CONSTANT_CONVERSION = YES;
				CLANG_WARN_DIRECT_OBJC_ISA_USAGE = YES_ERROR;
				CLANG_WARN_EMPTY_BODY = YES;
				CLANG_WARN_ENUM_CONVERSION = YES;
				CLANG_WARN_INT_CONVERSION = YES;
				CLANG_WARN_OBJC_ROOT_CLASS = YES_ERROR;
				CLANG_WARN__DUPLICATE_METHOD_MATCH = YES;
				"CODE_SIGN_IDENTITY[sdk=iphoneos*]" = "iPhone Developer";
				COPY_PHASE_STRIP = YES;
				ENABLE_NS_ASSERTIONS = NO;
				GCC_C_LANGUAGE_STANDARD = gnu99;
				GCC_WARN_64_TO_32_BIT_CONVERSION = YES;
				GCC_WARN_ABOUT_RETURN_TYPE = YES_ERROR;
				GCC_WARN_UNDECLARED_SELECTOR = YES;
				GCC_WARN_UNINITIALIZED_AUTOS = YES_AGGRESSIVE;
				GCC_WARN_UNUSED_FUNCTION = YES;
				GCC_WARN_UNUSED_VARIABLE = YES;
				IPHONEOS_DEPLOYMENT_TARGET = 7.1;
				SDKROOT = iphoneos;
				VALIDATE_PRODUCT = YES;
			};
			name = Release;
		};
		736BD18E18DD153F0094D510 /* Debug */ = {
			isa = XCBuildConfiguration;
			buildSettings = {
				ASSETCATALOG_COMPILER_APPICON_NAME = AppIcon;
				ASSETCATALOG_COMPILER_LAUNCHIMAGE_NAME = LaunchImage;
				GCC_PRECOMPILE_PREFIX_HEADER = YES;
				GCC_PREFIX_HEADER = "FindCar/FindCar-Prefix.pch";
				INFOPLIST_FILE = "FindCar/FindCar-Info.plist";
				PRODUCT_NAME = "$(TARGET_NAME)";
				WRAPPER_EXTENSION = app;
			};
			name = Debug;
		};
		736BD18F18DD153F0094D510 /* Release */ = {
			isa = XCBuildConfiguration;
			buildSettings = {
				ASSETCATALOG_COMPILER_APPICON_NAME = AppIcon;
				ASSETCATALOG_COMPILER_LAUNCHIMAGE_NAME = LaunchImage;
				GCC_PRECOMPILE_PREFIX_HEADER = YES;
				GCC_PREFIX_HEADER = "FindCar/FindCar-Prefix.pch";
				INFOPLIST_FILE = "FindCar/FindCar-Info.plist";
				PRODUCT_NAME = "$(TARGET_NAME)";
				WRAPPER_EXTENSION = app;
			};
			name = Release;
		};
		736BD19118DD153F0094D510 /* Debug */ = {
			isa = XCBuildConfiguration;
			buildSettings = {
				BUNDLE_LOADER = "$(BUILT_PRODUCTS_DIR)/FindCar.app/FindCar";
				FRAMEWORK_SEARCH_PATHS = (
					"$(SDKROOT)/Developer/Library/Frameworks",
					"$(inherited)",
					"$(DEVELOPER_FRAMEWORKS_DIR)",
				);
				GCC_PRECOMPILE_PREFIX_HEADER = YES;
				GCC_PREFIX_HEADER = "FindCar/FindCar-Prefix.pch";
				GCC_PREPROCESSOR_DEFINITIONS = (
					"DEBUG=1",
					"$(inherited)",
				);
				INFOPLIST_FILE = "FindCarTests/FindCarTests-Info.plist";
				PRODUCT_NAME = "$(TARGET_NAME)";
				TEST_HOST = "$(BUNDLE_LOADER)";
				WRAPPER_EXTENSION = xctest;
			};
			name = Debug;
		};
		736BD19218DD153F0094D510 /* Release */ = {
			isa = XCBuildConfiguration;
			buildSettings = {
				BUNDLE_LOADER = "$(BUILT_PRODUCTS_DIR)/FindCar.app/FindCar";
				FRAMEWORK_SEARCH_PATHS = (
					"$(SDKROOT)/Developer/Library/Frameworks",
					"$(inherited)",
					"$(DEVELOPER_FRAMEWORKS_DIR)",
				);
				GCC_PRECOMPILE_PREFIX_HEADER = YES;
				GCC_PREFIX_HEADER = "FindCar/FindCar-Prefix.pch";
				INFOPLIST_FILE = "FindCarTests/FindCarTests-Info.plist";
				PRODUCT_NAME = "$(TARGET_NAME)";
				TEST_HOST = "$(BUNDLE_LOADER)";
				WRAPPER_EXTENSION = xctest;
			};
			name = Release;
		};
/* End XCBuildConfiguration section */

/* Begin XCConfigurationList section */
		736BD15C18DD153F0094D510 /* Build configuration list for PBXProject "FindCar" */ = {
			isa = XCConfigurationList;
			buildConfigurations = (
				736BD18B18DD153F0094D510 /* Debug */,
				736BD18C18DD153F0094D510 /* Release */,
			);
			defaultConfigurationIsVisible = 0;
			defaultConfigurationName = Release;
		};
		736BD18D18DD153F0094D510 /* Build configuration list for PBXNativeTarget "FindCar" */ = {
			isa = XCConfigurationList;
			buildConfigurations = (
				736BD18E18DD153F0094D510 /* Debug */,
				736BD18F18DD153F0094D510 /* Release */,
			);
			defaultConfigurationIsVisible = 0;
			defaultConfigurationName = Release;
		};
		736BD19018DD153F0094D510 /* Build configuration list for PBXNativeTarget "FindCarTests" */ = {
			isa = XCConfigurationList;
			buildConfigurations = (
				736BD19118DD153F0094D510 /* Debug */,
				736BD19218DD153F0094D510 /* Release */,
			);
			defaultConfigurationIsVisible = 0;
			defaultConfigurationName = Release;
		};
/* End XCConfigurationList section */
	};
	rootObject = 736BD15918DD153F0094D510 /* Project object */;
}
